
Microsoft Visual Studio Solution File, Format Version 12.00
# Visual Studio Version 16
VisualStudioVersion = 16.0.30320.27
MinimumVisualStudioVersion = 10.0.40219.1
Project("{9A19103F-16F7-4668-BE54-9A1E7A4F7556}") = "NetCoreApi", "NetCoreApi\NetCoreApi.csproj", "{336175D3-3F1B-4CF5-B301-5D222B8888CB}"
EndProject
Project("{9A19103F-16F7-4668-BE54-9A1E7A4F7556}") = "NetCoreApi.Toolkit", "NetCoreApi.Toolkit\NetCoreApi.Toolkit.csproj", "{7F6D2D2B-E1BB-4C04-8CF1-C7FADB066167}"
EndProject
Project("{9A19103F-16F7-4668-BE54-9A1E7A4F7556}") = "NetCoreApi.Infrastructure", "NetCoreApi.Infrastructure\NetCoreApi.Infrastructure.csproj", "{EE7911DE-9C67-45EC-866A-1FAF2477A8EF}"
EndProject
Project("{2150E333-8FDC-42A3-9474-1A3956D46DE8}") = "Solution Items", "Solution Items", "{2B3095D3-72E0-4720-8D83-C6C2786E4AE3}"
	ProjectSection(SolutionItems) = preProject
		.editorconfig = .editorconfig
	EndProjectSection
EndProject
Global
	GlobalSection(SolutionConfigurationPlatforms) = preSolution
		Debug|Any CPU = Debug|Any CPU
		Release|Any CPU = Release|Any CPU
	EndGlobalSection
	GlobalSection(ProjectConfigurationPlatforms) = postSolution
		{336175D3-3F1B-4CF5-B301-5D222B8888CB}.Debug|Any CPU.ActiveCfg = Debug|Any CPU
		{336175D3-3F1B-4CF5-B301-5D222B8888CB}.Debug|Any CPU.Build.0 = Debug|Any CPU
		{336175D3-3F1B-4CF5-B301-5D222B8888CB}.Release|Any CPU.ActiveCfg = Release|Any CPU
		{336175D3-3F1B-4CF5-B301-5D222B8888CB}.Release|Any CPU.Build.0 = Release|Any CPU
		{7F6D2D2B-E1BB-4C04-8CF1-C7FADB066167}.Debug|Any CPU.ActiveCfg = Debug|Any CPU
		{7F6D2D2B-E1BB-4C04-8CF1-C7FADB066167}.Debug|Any CPU.Build.0 = Debug|Any CPU
		{7F6D2D2B-E1BB-4C04-8CF1-C7FADB066167}.Release|Any CPU.ActiveCfg = Release|Any CPU
		{7F6D2D2B-E1BB-4C04-8CF1-C7FADB066167}.Release|Any CPU.Build.0 = Release|Any CPU
		{EE7911DE-9C67-45EC-866A-1FAF2477A8EF}.Debug|Any CPU.ActiveCfg = Debug|Any CPU
		{EE7911DE-9C67-45EC-866A-1FAF2477A8EF}.Debug|Any CPU.Build.0 = Debug|Any CPU
		{EE7911DE-9C67-45EC-866A-1FAF2477A8EF}.Release|Any CPU.ActiveCfg = Release|Any CPU
		{EE7911DE-9C67-45EC-866A-1FAF2477A8EF}.Release|Any CPU.Build.0 = Release|Any CPU
	EndGlobalSection
	GlobalSection(SolutionProperties) = preSolution
		HideSolutionNode = FALSE
	EndGlobalSection
	GlobalSection(ExtensibilityGlobals) = postSolution
		SolutionGuid = {EB9801CB-FC60-44E0-90A9-0EE03537AB33}
	EndGlobalSection
EndGlobal
